
Microsoft Visual Studio Solution File, Format Version 12.00
# Visual Studio Version 17
VisualStudioVersion = 17.3.32804.467
MinimumVisualStudioVersion = 10.0.40219.1
Project("{FAE04EC0-301F-11D3-BF4B-00C04F79EFBC}") = "AnySort", "AnySort\AnySort.csproj", "{672F869C-C9E9-4C57-B2F4-3061704E3327}"
EndProject
Project("{FAE04EC0-301F-11D3-BF4B-00C04F79EFBC}") = "AnySortTest", "AnySortTest\AnySortTest.csproj", "{2ACA44B2-3D7A-4E26-ABD4-D49F84451A68}"
EndProject
Global
	GlobalSection(SolutionConfigurationPlatforms) = preSolution
		Debug|Any CPU = Debug|Any CPU
		Release|Any CPU = Release|Any CPU
	EndGlobalSection
	GlobalSection(ProjectConfigurationPlatforms) = postSolution
		{672F869C-C9E9-4C57-B2F4-3061704E3327}.Debug|Any CPU.ActiveCfg = Debug|Any CPU
		{672F869C-C9E9-4C57-B2F4-3061704E3327}.Debug|Any CPU.Build.0 = Debug|Any CPU
		{672F869C-C9E9-4C57-B2F4-3061704E3327}.Release|Any CPU.ActiveCfg = Release|Any CPU
		{672F869C-C9E9-4C57-B2F4-3061704E3327}.Release|Any CPU.Build.0 = Release|Any CPU
		{2ACA44B2-3D7A-4E26-ABD4-D49F84451A68}.Debug|Any CPU.ActiveCfg = Debug|Any CPU
		{2ACA44B2-3D7A-4E26-ABD4-D49F84451A68}.Debug|Any CPU.Build.0 = Debug|Any CPU
		{2ACA44B2-3D7A-4E26-ABD4-D49F84451A68}.Release|Any CPU.ActiveCfg = Release|Any CPU
		{2ACA44B2-3D7A-4E26-ABD4-D49F84451A68}.Release|Any CPU.Build.0 = Release|Any CPU
	EndGlobalSection
	GlobalSection(SolutionProperties) = preSolution
		HideSolutionNode = FALSE
	EndGlobalSection
	GlobalSection(ExtensibilityGlobals) = postSolution
		SolutionGuid = {FA868FB8-8537-4514-9266-C61CA7E904B2}
	EndGlobalSection
EndGlobal
